format_version = 1
profile = "windows-x64-desktop"
generated = "2026-09-21"
artifact_count = 10

[[artifact]]
name = "portable-git"
version = "2.54.0.windows.1"
platform = "windows-x64"
source_url = "https://github.com/git-for-windows/git/releases/download/v2.54.0.windows.1/PortableGit-2.54.0-64-bit.7z.exe"
path = "vendor/binaries/windows-x64/PortableGit-2.54.0-64-bit.7z.exe"
sha256 = "bea006a6cc69673f27b1647e84ab3a68e912fbc175ab6320c5987e012897f311"
license = "GPL-2.0-only plus bundled component licenses"
redistribution = "source_and_notice_required"
purpose = "Git and Bash runtime used by Hermes tools"
consumed_by = "Phase 3 desktop build/runtime"

[[artifact]]
name = "cpython"
version = "3.11.16+20260901"
platform = "windows-x64"
source_url = "https://github.com/astral-sh/python-build-standalone/releases/download/20260901/cpython-3.11.16%2B20260901-x86_64-pc-windows-msvc-install_only_stripped.tar.gz"
path = "vendor/binaries/windows-x64/cpython-3.11.16+20260901-x86_64-pc-windows-msvc-install_only_stripped.tar.gz"
sha256 = "06cbe479e039f5b9cb5640c286d790074d63f549f92a32d599a3748293bd4510"
license = "PSF-2.0 plus bundled component licenses"
redistribution = "redistributable_with_notice"
purpose = "Managed Python runtime"
consumed_by = "Phase 3 desktop build/runtime"

[[artifact]]
name = "node"
version = "26.9.0"
platform = "windows-x64"
source_url = "https://nodejs.org/dist/v26.9.0/node-v26.9.0-win-x64.zip"
path = "vendor/binaries/windows-x64/node-v26.9.0-win-x64.zip"
sha256 = "c8af870b5b3e9789a6cbdb30270e7c212e12d76a7afa7fc7f21b6b21cc22a71b"
license = "MIT plus bundled component licenses"
redistribution = "redistributable_with_notice"
purpose = "Desktop build toolchain; includes npm 11.19.1"
consumed_by = "Phase 3 desktop build/runtime"

[[artifact]]
name = "ripgrep"
version = "15.2.0"
platform = "windows-x64"
source_url = "https://github.com/BurntSushi/ripgrep/releases/download/15.2.0/ripgrep-15.2.0-x86_64-pc-windows-msvc.zip"
path = "vendor/binaries/windows-x64/ripgrep-15.2.0-x86_64-pc-windows-msvc.zip"
sha256 = "71b2fef860abe467217a538ff31de02f5258807c0129f771846f87bd029aafc5"
license = "MIT OR Unlicense"
redistribution = "redistributable_with_notice"
purpose = "Hermes repository/file search binary"
consumed_by = "Phase 3 desktop build/runtime"

[[artifact]]
name = "uv"
version = "0.9.28"
platform = "windows-x64"
source_url = "https://github.com/astral-sh/uv/releases/download/0.9.28/uv-x86_64-pc-windows-msvc.zip"
path = "vendor/binaries/windows-x64/uv-0.9.28-x86_64-pc-windows-msvc.zip"
sha256 = "9cb567fcd92f31431220ce620787043b946c30b9bb46ca213780e5ef471453be"
license = "MIT OR Apache-2.0"
redistribution = "redistributable_with_notice"
purpose = "Offline Python environment/bootstrap tool"
consumed_by = "Phase 3 desktop build/runtime"

[[artifact]]
name = "get-windows-native"
version = "9.3.0-napi9"
platform = "windows-x64"
source_url = "https://github.com/sindresorhus/get-windows/releases/download/v9.3.0/napi-9-win32-unknown-x64.tar.gz"
path = "vendor/binaries/windows-x64/get-windows-9.3.0-napi-9-win32-unknown-x64.tar.gz"
sha256 = "3eecfad06ed44f379bc50e02d738fa5dde274ce0206ced4c58b8f776ec9d76b0"
license = "MIT"
redistribution = "redistributable_with_notice"
purpose = "Native prebuild required by get-windows npm lifecycle"
consumed_by = "Phase 3 desktop build/runtime"

[[artifact]]
name = "electron-builder-7zip"
version = "1.0.0"
platform = "windows-x64"
source_url = "https://github.com/electron-userland/electron-builder-binaries/releases/download/7zip%401.0.0/7zip-win-x64.tar.gz"
path = "vendor/binaries/windows-x64/electron-builder-7zip-1.0.0-win-x64.tar.gz"
sha256 = "be071f15bd6da2f78fe81c6ddef2009b0c4d8a51f36b780cb806c7e6df95e1b3"
license = "Multiple; embedded LICENSE/COPYING files govern"
redistribution = "redistributable_with_embedded_notices"
purpose = "electron-builder archive toolset"
consumed_by = "Phase 3 desktop build/runtime"

[[artifact]]
name = "electron-builder-nsis"
version = "3.0.4.1"
platform = "windows-x64"
source_url = "https://github.com/electron-userland/electron-builder-binaries/releases/download/nsis-3.0.4.1/nsis-3.0.4.1.7z"
path = "vendor/binaries/windows-x64/electron-builder-nsis-3.0.4.1.7z"
sha256 = "9877df902530f96357d13a7a31ae2b9df67f48b11ffc9a1700a7c961574ec5fa"
license = "Multiple; embedded LICENSE/COPYING files govern"
redistribution = "redistributable_with_embedded_notices"
purpose = "Optional NSIS installer packaging toolset"
consumed_by = "Phase 3 desktop build/runtime"

[[artifact]]
name = "electron-builder-nsis-resources"
version = "3.4.1"
platform = "windows-x64"
source_url = "https://github.com/electron-userland/electron-builder-binaries/releases/download/nsis-resources-3.4.1/nsis-resources-3.4.1.7z"
path = "vendor/binaries/windows-x64/electron-builder-nsis-resources-3.4.1.7z"
sha256 = "593a9a92ef958321293ac6a2ee61e64bf1bd543142a5bd6b3d310709cc924103"
license = "Multiple; embedded LICENSE/COPYING files govern"
redistribution = "redistributable_with_embedded_notices"
purpose = "Optional NSIS installer resources"
consumed_by = "Phase 3 desktop build/runtime"

[[artifact]]
name = "electron-builder-wix"
version = "4.0.0.5512.2"
platform = "windows-x64"
source_url = "https://github.com/electron-userland/electron-builder-binaries/releases/download/wix-4.0.0.5512.2/wix-4.0.0.5512.2.7z"
path = "vendor/binaries/windows-x64/electron-builder-wix-4.0.0.5512.2.7z"
sha256 = "fe677fcd837b18c9b912985d91636bbd8a1e800c3b3a6a841b6f96e89624e839"
license = "Multiple; embedded LICENSE/COPYING files govern"
redistribution = "redistributable_with_embedded_notices"
purpose = "Optional MSI installer packaging toolset"
consumed_by = "Phase 3 desktop build/runtime"
